Microsoft Visual Studio Solution File, Format Version 11.00
# Visual Studio 2008

Project("{9C403BBE-2317-4D22-7A55-08C9895E3DD5}") = "ssme", "Assembly-CSharp.csproj", "{D8FB5CE0-1241-D037-AE6B-30FA6840E679}"
EndProject
Project("{9C403BBE-2317-4D22-7A55-08C9895E3DD5}") = "ssme", "Assembly-CSharp-Editor.csproj", "{83583AC3-930A-D2F5-B709-D961A1E66571}"
EndProject
Global
	GlobalSection(SolutionConfigurationPlatforms) = preSolution
		Debug|Any CPU = Debug|Any CPU
		Release|Any CPU = Release|Any CPU
	EndGlobalSection
	GlobalSection(ProjectConfigurationPlatforms) = postSolution
		{D8FB5CE0-1241-D037-AE6B-30FA6840E679}.Debug|Any CPU.ActiveCfg = Debug|Any CPU
		{D8FB5CE0-1241-D037-AE6B-30FA6840E679}.Debug|Any CPU.Build.0 = Debug|Any CPU
		{D8FB5CE0-1241-D037-AE6B-30FA6840E679}.Release|Any CPU.ActiveCfg = Release|Any CPU
		{D8FB5CE0-1241-D037-AE6B-30FA6840E679}.Release|Any CPU.Build.0 = Release|Any CPU
		{83583AC3-930A-D2F5-B709-D961A1E66571}.Debug|Any CPU.ActiveCfg = Debug|Any CPU
		{83583AC3-930A-D2F5-B709-D961A1E66571}.Debug|Any CPU.Build.0 = Debug|Any CPU
		{83583AC3-930A-D2F5-B709-D961A1E66571}.Release|Any CPU.ActiveCfg = Release|Any CPU
		{83583AC3-930A-D2F5-B709-D961A1E66571}.Release|Any CPU.Build.0 = Release|Any CPU
	EndGlobalSection
	GlobalSection(SolutionProperties) = preSolution
		HideSolutionNode = FALSE
	EndGlobalSection
																																																																																																					GlobalSection(MonoDevelopProperties) = preSolution
		StartupItem = Assembly-CSharp.csproj
		Policies = $0
		$0.TextStylePolicy = $1
		$1.inheritsSet = null
		$1.scope = text/x-csharp
		$0.CSharpFormattingPolicy = $2
		$2.inheritsSet = Mono
		$2.inheritsScope = text/x-csharp
		$2.scope = text/x-csharp
		$0.TextStylePolicy = $3
		$3.FileWidth = 120
		$3.TabWidth = 4
		$3.EolMarker = Unix
		$3.inheritsSet = Mono
		$3.inheritsScope = text/plain
		$3.scope = text/plain
	EndGlobalSection

EndGlobal
